// !$*UTF8*$!
{
	archiveVersion = 1;
	classes = {
	};
	objectVersion = 56;
	objects = {

/* Begin PBXBuildFile section */
		5DF258FB296F124D00CD3A2B /* AppDelegate.swift in Sources */ = {isa = PBXBuildFile; fileRef = 5DF258FA296F124D00CD3A2B /* AppDelegate.swift */; };
		5DF258FD296F124D00CD3A2B /* SceneDelegate.swift in Sources */ = {isa = PBXBuildFile; fileRef = 5DF258FC296F124D00CD3A2B /* SceneDelegate.swift */; };
		5DF258FF296F124D00CD3A2B /* ViewController.swift in Sources */ = {isa = PBXBuildFile; fileRef = 5DF258FE296F124D00CD3A2B /* ViewController.swift */; };
		5DF25902296F124D00CD3A2B /* Main.storyboard in Resources */ = {isa = PBXBuildFile; fileRef = 5DF25900296F124D00CD3A2B /* Main.storyboard */; };
		5DF25904296F124F00CD3A2B /* Assets.xcassets in Resources */ = {isa = PBXBuildFile; fileRef = 5DF25903296F124F00CD3A2B /* Assets.xcassets */; };
		5DF25907296F124F00CD3A2B /* LaunchScreen.storyboard in Resources */ = {isa = PBXBuildFile; fileRef = 5DF25905296F124F00CD3A2B /* LaunchScreen.storyboard */; };
		5DF25918296F166700CD3A2B /* Exercise.swift in Sources */ = {isa = PBXBuildFile; fileRef = 5DF25917296F166700CD3A2B /* Exercise.swift */; };
		5DF2591D296F170600CD3A2B /* Jumping.swift in Sources */ = {isa = PBXBuildFile; fileRef = 5DF2591C296F170600CD3A2B /* Jumping.swift */; };
		5DF2591F296F176800CD3A2B /* Squads.swift in Sources */ = {isa = PBXBuildFile; fileRef = 5DF2591E296F176800CD3A2B /* Squads.swift */; };
		5DF25922296F17E100CD3A2B /* ExerciseFactory.swift in Sources */ = {isa = PBXBuildFile; fileRef = 5DF25921296F17E100CD3A2B /* ExerciseFactory.swift */; };
/* End PBXBuildFile section */

/* Begin PBXFileReference section */
		5DF258F7296F124D00CD3A2B /* 2. Factory.app */ = {isa = PBXFileReference; explicitFileType = wrapper.application; includeInIndex = 0; path = "2. Factory.app"; sourceTree = BUILT_PRODUCTS_DIR; };
		5DF258FA296F124D00CD3A2B /* AppDelegate.swift */ = {isa = PBXFileReference; lastKnownFileType = sourcecode.swift; path = AppDelegate.swift; sourceTree = "<group>"; };
		5DF258FC296F124D00CD3A2B /* SceneDelegate.swift */ = {isa = PBXFileReference; lastKnownFileType = sourcecode.swift; path = SceneDelegate.swift; sourceTree = "<group>"; };
		5DF258FE296F124D00CD3A2B /* ViewController.swift */ = {isa = PBXFileReference; lastKnownFileType = sourcecode.swift; path = ViewController.swift; sourceTree = "<group>"; };
		5DF25901296F124D00CD3A2B /* Base */ = {isa = PBXFileReference; lastKnownFileType = file.storyboard; name = Base; path = Base.lproj/Main.storyboard; sourceTree = "<group>"; };
		5DF25903296F124F00CD3A2B /* Assets.xcassets */ = {isa = PBXFileReference; lastKnownFileType = folder.assetcatalog; path = Assets.xcassets; sourceTree = "<group>"; };
		5DF25906296F124F00CD3A2B /* Base */ = {isa = PBXFileReference; lastKnownFileType = file.storyboard; name = Base; path = Base.lproj/LaunchScreen.storyboard; sourceTree = "<group>"; };
		5DF25908296F124F00CD3A2B /* Info.plist */ = {isa = PBXFileReference; lastKnownFileType = text.plist.xml; path = Info.plist; sourceTree = "<group>"; };
		5DF25914296F12AF00CD3A2B /* README.md */ = {isa = PBXFileReference; lastKnownFileType = net.daringfireball.markdown; path = README.md; sourceTree = "<group>"; };
		5DF25915296F156700CD3A2B /* PRO-CONS-FACTORY.png */ = {isa = PBXFileReference; lastKnownFileType = image.png; path = "PRO-CONS-FACTORY.png"; sourceTree = "<group>"; };
		5DF25917296F166700CD3A2B /* Exercise.swift */ = {isa = PBXFileReference; lastKnownFileType = sourcecode.swift; path = Exercise.swift; sourceTree = "<group>"; };
		5DF2591C296F170600CD3A2B /* Jumping.swift */ = {isa = PBXFileReference; lastKnownFileType = sourcecode.swift; path = Jumping.swift; sourceTree = "<group>"; };
		5DF2591E296F176800CD3A2B /* Squads.swift */ = {isa = PBXFileReference; lastKnownFileType = sourcecode.swift; path = Squads.swift; sourceTree = "<group>"; };
		5DF25921296F17E100CD3A2B /* ExerciseFactory.swift */ = {isa = PBXFileReference; lastKnownFileType = sourcecode.swift; path = ExerciseFactory.swift; sourceTree = "<group>"; };
/* End PBXFileReference section */

/* Begin PBXFrameworksBuildPhase section */
		5DF258F4296F124D00CD3A2B /* Frameworks */ = {
			isa = PBXFrameworksBuildPhase;
			buildActionMask = 2147483647;
			files = (
			);
			runOnlyForDeploymentPostprocessing = 0;
		};
/* End PBXFrameworksBuildPhase section */

/* Begin PBXGroup section */
		5DF258EE296F124D00CD3A2B = {
			isa = PBXGroup;
			children = (
				5DF25915296F156700CD3A2B /* PRO-CONS-FACTORY.png */,
				5DF25914296F12AF00CD3A2B /* README.md */,
				5DF258F9296F124D00CD3A2B /* 2. Factory */,
				5DF258F8296F124D00CD3A2B /* Products */,
			);
			sourceTree = "<group>";
		};
		5DF258F8296F124D00CD3A2B /* Products */ = {
			isa = PBXGroup;
			children = (
				5DF258F7296F124D00CD3A2B /* 2. Factory.app */,
			);
			name = Products;
			sourceTree = "<group>";
		};
		5DF258F9296F124D00CD3A2B /* 2. Factory */ = {
			isa = PBXGroup;
			children = (
				5DF25916296F165E00CD3A2B /* DataLayer */,
				5DF2590F296F125A00CD3A2B /* PresentationLayer */,
				5DF2590E296F125400CD3A2B /* AppLayer */,
				5DF25913296F127500CD3A2B /* Resources */,
			);
			path = "2. Factory";
			sourceTree = "<group>";
		};
		5DF2590E296F125400CD3A2B /* AppLayer */ = {
			isa = PBXGroup;
			children = (
				5DF258FA296F124D00CD3A2B /* AppDelegate.swift */,
				5DF258FC296F124D00CD3A2B /* SceneDelegate.swift */,
			);
			path = AppLayer;
			sourceTree = "<group>";
		};
		5DF2590F296F125A00CD3A2B /* PresentationLayer */ = {
			isa = PBXGroup;
			children = (
				5DF25920296F17D700CD3A2B /* Factories */,
				5DF25910296F126300CD3A2B /* Scenes */,
			);
			path = PresentationLayer;
			sourceTree = "<group>";
		};
		5DF25910296F126300CD3A2B /* Scenes */ = {
			isa = PBXGroup;
			children = (
				5DF25912296F126F00CD3A2B /* Main */,
			);
			path = Scenes;
			sourceTree = "<group>";
		};
		5DF25911296F126800CD3A2B /* Skeleton */ = {
			isa = PBXGroup;
			children = (
				5DF25900296F124D00CD3A2B /* Main.storyboard */,
			);
			path = Skeleton;
			sourceTree = "<group>";
		};
		5DF25912296F126F00CD3A2B /* Main */ = {
			isa = PBXGroup;
			children = (
				5DF25911296F126800CD3A2B /* Skeleton */,
				5DF258FE296F124D00CD3A2B /* ViewController.swift */,
			);
			path = Main;
			sourceTree = "<group>";
		};
		5DF25913296F127500CD3A2B /* Resources */ = {
			isa = PBXGroup;
			children = (
				5DF25903296F124F00CD3A2B /* Assets.xcassets */,
				5DF25905296F124F00CD3A2B /* LaunchScreen.storyboard */,
				5DF25908296F124F00CD3A2B /* Info.plist */,
			);
			path = Resources;
			sourceTree = "<group>";
		};
		5DF25916296F165E00CD3A2B /* DataLayer */ = {
			isa = PBXGroup;
			children = (
				5DF2591B296F16FB00CD3A2B /* ConcreteProducts */,
				5DF25919296F16ED00CD3A2B /* Product */,
			);
			path = DataLayer;
			sourceTree = "<group>";
		};
		5DF25919296F16ED00CD3A2B /* Product */ = {
			isa = PBXGroup;
			children = (
				5DF25917296F166700CD3A2B /* Exercise.swift */,
			);
			path = Product;
			sourceTree = "<group>";
		};
		5DF2591B296F16FB00CD3A2B /* ConcreteProducts */ = {
			isa = PBXGroup;
			children = (
				5DF2591C296F170600CD3A2B /* Jumping.swift */,
				5DF2591E296F176800CD3A2B /* Squads.swift */,
			);
			path = ConcreteProducts;
			sourceTree = "<group>";
		};
		5DF25920296F17D700CD3A2B /* Factories */ = {
			isa = PBXGroup;
			children = (
				5DF25921296F17E100CD3A2B /* ExerciseFactory.swift */,
			);
			path = Factories;
			sourceTree = "<group>";
		};
/* End PBXGroup section */

/* Begin PBXNativeTarget section */
		5DF258F6296F124D00CD3A2B /* 2. Factory */ = {
			isa = PBXNativeTarget;
			buildConfigurationList = 5DF2590B296F124F00CD3A2B /* Build configuration list for PBXNativeTarget "2. Factory" */;
			buildPhases = (
				5DF258F3296F124D00CD3A2B /* Sources */,
				5DF258F4296F124D00CD3A2B /* Frameworks */,
				5DF258F5296F124D00CD3A2B /* Resources */,
			);
			buildRules = (
			);
			dependencies = (
			);
			name = "2. Factory";
			productName = "2. Factory";
			productReference = 5DF258F7296F124D00CD3A2B /* 2. Factory.app */;
			productType = "com.apple.product-type.application";
		};
/* End PBXNativeTarget section */

/* Begin PBXProject section */
		5DF258EF296F124D00CD3A2B /* Project object */ = {
			isa = PBXProject;
			attributes = {
				BuildIndependentTargetsInParallel = 1;
				LastSwiftUpdateCheck = 1410;
				LastUpgradeCheck = 1410;
				TargetAttributes = {
					5DF258F6296F124D00CD3A2B = {
						CreatedOnToolsVersion = 14.1;
					};
				};
			};
			buildConfigurationList = 5DF258F2296F124D00CD3A2B /* Build configuration list for PBXProject "2. Factory" */;
			compatibilityVersion = "Xcode 14.0";
			developmentRegion = en;
			hasScannedForEncodings = 0;
			knownRegions = (
				en,
				Base,
			);
			mainGroup = 5DF258EE296F124D00CD3A2B;
			productRefGroup = 5DF258F8296F124D00CD3A2B /* Products */;
			projectDirPath = "";
			projectRoot = "";
			targets = (
				5DF258F6296F124D00CD3A2B /* 2. Factory */,
			);
		};
/* End PBXProject section */

/* Begin PBXResourcesBuildPhase section */
		5DF258F5296F124D00CD3A2B /* Resources */ = {
			isa = PBXResourcesBuildPhase;
			buildActionMask = 2147483647;
			files = (
				5DF25907296F124F00CD3A2B /* LaunchScreen.storyboard in Resources */,
				5DF25904296F124F00CD3A2B /* Assets.xcassets in Resources */,
				5DF25902296F124D00CD3A2B /* Main.storyboard in Resources */,
			);
			runOnlyForDeploymentPostprocessing = 0;
		};
/* End PBXResourcesBuildPhase section */

/* Begin PBXSourcesBuildPhase section */
		5DF258F3296F124D00CD3A2B /* Sources */ = {
			isa = PBXSourcesBuildPhase;
			buildActionMask = 2147483647;
			files = (
				5DF2591F296F176800CD3A2B /* Squads.swift in Sources */,
				5DF258FF296F124D00CD3A2B /* ViewController.swift in Sources */,
				5DF25918296F166700CD3A2B /* Exercise.swift in Sources */,
				5DF25922296F17E100CD3A2B /* ExerciseFactory.swift in Sources */,
				5DF258FB296F124D00CD3A2B /* AppDelegate.swift in Sources */,
				5DF2591D296F170600CD3A2B /* Jumping.swift in Sources */,
				5DF258FD296F124D00CD3A2B /* SceneDelegate.swift in Sources */,
			);
			runOnlyForDeploymentPostprocessing = 0;
		};
/* End PBXSourcesBuildPhase section */

/* Begin PBXVariantGroup section */
		5DF25900296F124D00CD3A2B /* Main.storyboard */ = {
			isa = PBXVariantGroup;
			children = (
				5DF25901296F124D00CD3A2B /* Base */,
			);
			name = Main.storyboard;
			sourceTree = "<group>";
		};
		5DF25905296F124F00CD3A2B /* LaunchScreen.storyboard */ = {
			isa = PBXVariantGroup;
			children = (
				5DF25906296F124F00CD3A2B /* Base */,
			);
			name = LaunchScreen.storyboard;
			sourceTree = "<group>";
		};
/* End PBXVariantGroup section */

/* Begin XCBuildConfiguration section */
		5DF25909296F124F00CD3A2B /* Debug */ = {
			isa = XCBuildConfiguration;
			buildSettings = {
				ALWAYS_SEARCH_USER_PATHS = NO;
				CLANG_ANALYZER_NONNULL = YES;
				CLANG_ANALYZER_NUMBER_OBJECT_CONVERSION = YES_AGGRESSIVE;
				CLANG_CXX_LANGUAGE_STANDARD = "gnu++20";
				CLANG_ENABLE_MODULES = YES;
				CLANG_ENABLE_OBJC_ARC = YES;
				CLANG_ENABLE_OBJC_WEAK = YES;
				CLANG_WARN_BLOCK_CAPTURE_AUTORELEASING = YES;
				CLANG_WARN_BOOL_CONVERSION = YES;
				CLANG_WARN_COMMA = YES;
				CLANG_WARN_CONSTANT_CONVERSION = YES;
				CLANG_WARN_DEPRECATED_OBJC_IMPLEMENTATIONS = YES;
				CLANG_WARN_DIRECT_OBJC_ISA_USAGE = YES_ERROR;
				CLANG_WARN_DOCUMENTATION_COMMENTS = YES;
				CLANG_WARN_EMPTY_BODY = YES;
				CLANG_WARN_ENUM_CONVERSION = YES;
				CLANG_WARN_INFINITE_RECURSION = YES;
				CLANG_WARN_INT_CONVERSION = YES;
				CLANG_WARN_NON_LITERAL_NULL_CONVERSION = YES;
				CLANG_WARN_OBJC_IMPLICIT_RETAIN_SELF = YES;
				CLANG_WARN_OBJC_LITERAL_CONVERSION = YES;
				CLANG_WARN_OBJC_ROOT_CLASS = YES_ERROR;
				CLANG_WARN_QUOTED_INCLUDE_IN_FRAMEWORK_HEADER = YES;
				CLANG_WARN_RANGE_LOOP_ANALYSIS = YES;
				CLANG_WARN_STRICT_PROTOTYPES = YES;
				CLANG_WARN_SUSPICIOUS_MOVE = YES;
				CLANG_WARN_UNGUARDED_AVAILABILITY = YES_AGGRESSIVE;
				CLANG_WARN_UNREACHABLE_CODE = YES;
				CLANG_WARN__DUPLICATE_METHOD_MATCH = YES;
				COPY_PHASE_STRIP = NO;
				DEBUG_INFORMATION_FORMAT = dwarf;
				ENABLE_STRICT_OBJC_MSGSEND = YES;
				ENABLE_TESTABILITY = YES;
				GCC_C_LANGUAGE_STANDARD = gnu11;
				GCC_DYNAMIC_NO_PIC = NO;
				GCC_NO_COMMON_BLOCKS = YES;
				GCC_OPTIMIZATION_LEVEL = 0;
				GCC_PREPROCESSOR_DEFINITIONS = (
					"DEBUG=1",
					"$(inherited)",
				);
				GCC_WARN_64_TO_32_BIT_CONVERSION = YES;
				GCC_WARN_ABOUT_RETURN_TYPE = YES_ERROR;
				GCC_WARN_UNDECLARED_SELECTOR = YES;
				GCC_WARN_UNINITIALIZED_AUTOS = YES_AGGRESSIVE;
				GCC_WARN_UNUSED_FUNCTION = YES;
				GCC_WARN_UNUSED_VARIABLE = YES;
				IPHONEOS_DEPLOYMENT_TARGET = 16.1;
				MTL_ENABLE_DEBUG_INFO = INCLUDE_SOURCE;
				MTL_FAST_MATH = YES;
				ONLY_ACTIVE_ARCH = YES;
				SDKROOT = iphoneos;
				SWIFT_ACTIVE_COMPILATION_CONDITIONS = DEBUG;
				SWIFT_OPTIMIZATION_LEVEL = "-Onone";
			};
			name = Debug;
		};
		5DF2590A296F124F00CD3A2B /* Release */ = {
			isa = XCBuildConfiguration;
			buildSettings = {
				ALWAYS_SEARCH_USER_PATHS = NO;
				CLANG_ANALYZER_NONNULL = YES;
				CLANG_ANALYZER_NUMBER_OBJECT_CONVERSION = YES_AGGRESSIVE;
				CLANG_CXX_LANGUAGE_STANDARD = "gnu++20";
				CLANG_ENABLE_MODULES = YES;
				CLANG_ENABLE_OBJC_ARC = YES;
				CLANG_ENABLE_OBJC_WEAK = YES;
				CLANG_WARN_BLOCK_CAPTURE_AUTORELEASING = YES;
				CLANG_WARN_BOOL_CONVERSION = YES;
				CLANG_WARN_COMMA = YES;
				CLANG_WARN_CONSTANT_CONVERSION = YES;
				CLANG_WARN_DEPRECATED_OBJC_IMPLEMENTATIONS = YES;
				CLANG_WARN_DIRECT_OBJC_ISA_USAGE = YES_ERROR;
				CLANG_WARN_DOCUMENTATION_COMMENTS = YES;
				CLANG_WARN_EMPTY_BODY = YES;
				CLANG_WARN_ENUM_CONVERSION = YES;
				CLANG_WARN_INFINITE_RECURSION = YES;
				CLANG_WARN_INT_CONVERSION = YES;
				CLANG_WARN_NON_LITERAL_NULL_CONVERSION = YES;
				CLANG_WARN_OBJC_IMPLICIT_RETAIN_SELF = YES;
				CLANG_WARN_OBJC_LITERAL_CONVERSION = YES;
				CLANG_WARN_OBJC_ROOT_CLASS = YES_ERROR;
				CLANG_WARN_QUOTED_INCLUDE_IN_FRAMEWORK_HEADER = YES;
				CLANG_WARN_RANGE_LOOP_ANALYSIS = YES;
				CLANG_WARN_STRICT_PROTOTYPES = YES;
				CLANG_WARN_SUSPICIOUS_MOVE = YES;
				CLANG_WARN_UNGUARDED_AVAILABILITY = YES_AGGRESSIVE;
				CLANG_WARN_UNREACHABLE_CODE = YES;
				CLANG_WARN__DUPLICATE_METHOD_MATCH = YES;
				COPY_PHASE_STRIP = NO;
				DEBUG_INFORMATION_FORMAT = "dwarf-with-dsym";
				ENABLE_NS_ASSERTIONS = NO;
				ENABLE_STRICT_OBJC_MSGSEND = YES;
				GCC_C_LANGUAGE_STANDARD = gnu11;
				GCC_NO_COMMON_BLOCKS = YES;
				GCC_WARN_64_TO_32_BIT_CONVERSION = YES;
				GCC_WARN_ABOUT_RETURN_TYPE = YES_ERROR;
				GCC_WARN_UNDECLARED_SELECTOR = YES;
				GCC_WARN_UNINITIALIZED_AUTOS = YES_AGGRESSIVE;
				GCC_WARN_UNUSED_FUNCTION = YES;
				GCC_WARN_UNUSED_VARIABLE = YES;
				IPHONEOS_DEPLOYMENT_TARGET = 16.1;
				MTL_ENABLE_DEBUG_INFO = NO;
				MTL_FAST_MATH = YES;
				SDKROOT = iphoneos;
				SWIFT_COMPILATION_MODE = wholemodule;
				SWIFT_OPTIMIZATION_LEVEL = "-O";
				VALIDATE_PRODUCT = YES;
			};
			name = Release;
		};
		5DF2590C296F124F00CD3A2B /* Debug */ = {
			isa = XCBuildConfiguration;
			buildSettings = {
				ASSETCATALOG_COMPILER_APPICON_NAME = AppIcon;
				ASSETCATALOG_COMPILER_GLOBAL_ACCENT_COLOR_NAME = AccentColor;
				CODE_SIGN_STYLE = Automatic;
				CURRENT_PROJECT_VERSION = 1;
				DEVELOPMENT_TEAM = 7FCTC6DRE7;
				GENERATE_INFOPLIST_FILE = YES;
				INFOPLIST_FILE = "2. Factory/Resources/Info.plist";
				INFOPLIST_KEY_UIApplicationSupportsIndirectInputEvents = YES;
				INFOPLIST_KEY_UILaunchStoryboardName = LaunchScreen;
				INFOPLIST_KEY_UIMainStoryboardFile = Main;
				INFOPLIST_KEY_UISupportedInterfaceOrientations_iPad = "UIInterfaceOrientationPortrait UIInterfaceOrientationPortraitUpsideDown UIInterfaceOrientationLandscapeLeft UIInterfaceOrientationLandscapeRight";
				INFOPLIST_KEY_UISupportedInterfaceOrientations_iPhone = "UIInterfaceOrientationPortrait UIInterfaceOrientationLandscapeLeft UIInterfaceOrientationLandscapeRight";
				LD_RUNPATH_SEARCH_PATHS = (
					"$(inherited)",
					"@executable_path/Frameworks",
				);
				MARKETING_VERSION = 1.0;
				PRODUCT_BUNDLE_IDENTIFIER = "com.azizbekasadov.---Factory";
				PRODUCT_NAME = "$(TARGET_NAME)";
				SWIFT_EMIT_LOC_STRINGS = YES;
				SWIFT_VERSION = 5.0;
				TARGETED_DEVICE_FAMILY = "1,2";
			};
			name = Debug;
		};
		5DF2590D296F124F00CD3A2B /* Release */ = {
			isa = XCBuildConfiguration;
			buildSettings = {
				ASSETCATALOG_COMPILER_APPICON_NAME = AppIcon;
				ASSETCATALOG_COMPILER_GLOBAL_ACCENT_COLOR_NAME = AccentColor;
				CODE_SIGN_STYLE = Automatic;
				CURRENT_PROJECT_VERSION = 1;
				DEVELOPMENT_TEAM = 7FCTC6DRE7;
				GENERATE_INFOPLIST_FILE = YES;
				INFOPLIST_FILE = "2. Factory/Resources/Info.plist";
				INFOPLIST_KEY_UIApplicationSupportsIndirectInputEvents = YES;
				INFOPLIST_KEY_UILaunchStoryboardName = LaunchScreen;
				INFOPLIST_KEY_UIMainStoryboardFile = Main;
				INFOPLIST_KEY_UISupportedInterfaceOrientations_iPad = "UIInterfaceOrientationPortrait UIInterfaceOrientationPortraitUpsideDown UIInterfaceOrientationLandscapeLeft UIInterfaceOrientationLandscapeRight";
				INFOPLIST_KEY_UISupportedInterfaceOrientations_iPhone = "UIInterfaceOrientationPortrait UIInterfaceOrientationLandscapeLeft UIInterfaceOrientationLandscapeRight";
				LD_RUNPATH_SEARCH_PATHS = (
					"$(inherited)",
					"@executable_path/Frameworks",
				);
				MARKETING_VERSION = 1.0;
				PRODUCT_BUNDLE_IDENTIFIER = "com.azizbekasadov.---Factory";
				PRODUCT_NAME = "$(TARGET_NAME)";
				SWIFT_EMIT_LOC_STRINGS = YES;
				SWIFT_VERSION = 5.0;
				TARGETED_DEVICE_FAMILY = "1,2";
			};
			name = Release;
		};
/* End XCBuildConfiguration section */

/* Begin XCConfigurationList section */
		5DF258F2296F124D00CD3A2B /* Build configuration list for PBXProject "2. Factory" */ = {
			isa = XCConfigurationList;
			buildConfigurations = (
				5DF25909296F124F00CD3A2B /* Debug */,
				5DF2590A296F124F00CD3A2B /* Release */,
			);
			defaultConfigurationIsVisible = 0;
			defaultConfigurationName = Release;
		};
		5DF2590B296F124F00CD3A2B /* Build configuration list for PBXNativeTarget "2. Factory" */ = {
			isa = XCConfigurationList;
			buildConfigurations = (
				5DF2590C296F124F00CD3A2B /* Debug */,
				5DF2590D296F124F00CD3A2B /* Release */,
			);
			defaultConfigurationIsVisible = 0;
			defaultConfigurationName = Release;
		};
/* End XCConfigurationList section */
	};
	rootObject = 5DF258EF296F124D00CD3A2B /* Project object */;
}
